
Microsoft Visual Studio Solution File, Format Version 12.00
# Visual Studio 15
VisualStudioVersion = 15.0.27130.2010
MinimumVisualStudioVersion = 10.0.40219.1
Project("{E24C65DC-7377-472B-9ABA-BC803B73C61A}") = "EX1", "EX1\", "{122B8F14-C7DA-4271-9691-E5E4859E92CC}"
	ProjectSection(WebsiteProperties) = preProject
		TargetFrameworkMoniker = ".NETFramework,Version%3Dv4.6.1"
		Debug.AspNetCompiler.VirtualPath = "/localhost_64182"
		Debug.AspNetCompiler.PhysicalPath = "EX1\"
		Debug.AspNetCompiler.TargetPath = "PrecompiledWeb\localhost_64182\"
		Debug.AspNetCompiler.Updateable = "true"
		Debug.AspNetCompiler.ForceOverwrite = "true"
		Debug.AspNetCompiler.FixedNames = "false"
		Debug.AspNetCompiler.Debug = "True"
		Release.AspNetCompiler.VirtualPath = "/localhost_64182"
		Release.AspNetCompiler.PhysicalPath = "EX1\"
		Release.AspNetCompiler.TargetPath = "PrecompiledWeb\localhost_64182\"
		Release.AspNetCompiler.Updateable = "true"
		Release.AspNetCompiler.ForceOverwrite = "true"
		Release.AspNetCompiler.FixedNames = "false"
		Release.AspNetCompiler.Debug = "False"
		VWDPort = "64182"
		SlnRelativePath = "EX1\"
		DefaultWebSiteLanguage = "Visual C#"
	EndProjectSection
EndProject
Global
	GlobalSection(SolutionConfigurationPlatforms) = preSolution
		Debug|Any CPU = Debug|Any CPU
	EndGlobalSection
	GlobalSection(ProjectConfigurationPlatforms) = postSolution
		{122B8F14-C7DA-4271-9691-E5E4859E92CC}.Debug|Any CPU.ActiveCfg = Debug|Any CPU
		{122B8F14-C7DA-4271-9691-E5E4859E92CC}.Debug|Any CPU.Build.0 = Debug|Any CPU
	EndGlobalSection
	GlobalSection(SolutionProperties) = preSolution
		HideSolutionNode = FALSE
	EndGlobalSection
	GlobalSection(ExtensibilityGlobals) = postSolution
		SolutionGuid = {6A66AD0C-B46F-4A20-AF76-93288AE9AF91}
	EndGlobalSection
EndGlobal
